
Microsoft Visual Studio Solution File, Format Version 12.00
# Visual Studio Version 17
VisualStudioVersion = 17.0.31903.59
MinimumVisualStudioVersion = 10.0.40219.1
Project("{FAE04EC0-301F-11D3-BF4B-00C04F79EFBC}") = "Trifle", "Trifle.csproj", "{DB5FDAFF-0714-4FD9-B3F1-DA4B70E8260D}"
EndProject
Global
	GlobalSection(SolutionConfigurationPlatforms) = preSolution
		Debug|Any CPU = Debug|Any CPU
		Release|Any CPU = Release|Any CPU
	EndGlobalSection
	GlobalSection(SolutionProperties) = preSolution
		HideSolutionNode = FALSE
	EndGlobalSection
	GlobalSection(ProjectConfigurationPlatforms) = postSolution
		{DB5FDAFF-0714-4FD9-B3F1-DA4B70E8260D}.Debug|Any CPU.ActiveCfg = Debug|Any CPU
		{DB5FDAFF-0714-4FD9-B3F1-DA4B70E8260D}.Debug|Any CPU.Build.0 = Debug|Any CPU
		{DB5FDAFF-0714-4FD9-B3F1-DA4B70E8260D}.Release|Any CPU.ActiveCfg = Debug|Any CPU
		{DB5FDAFF-0714-4FD9-B3F1-DA4B70E8260D}.Release|Any CPU.Build.0 = Debug|Any CPU
	EndGlobalSection
EndGlobal
